
Microsoft Visual Studio Solution File, Format Version 12.00
# Visual Studio Version 17
VisualStudioVersion = 17.14.36705.20
MinimumVisualStudioVersion = 10.0.40219.1
Project("{FAE04EC0-301F-11D3-BF4B-00C04F79EFBC}") = "RazorPages", "RazorPages\RazorPages.csproj", "{746771F0-C46D-484C-A373-4C0A74254119}"
EndProject
Project("{FAE04EC0-301F-11D3-BF4B-00C04F79EFBC}") = "Academy", "Academy\Academy.csproj", "{07CAFA7A-CE54-4E4E-80E0-BFB323D3CE0B}"
EndProject
Global
	GlobalSection(SolutionConfigurationPlatforms) = preSolution
		Debug|Any CPU = Debug|Any CPU
		Release|Any CPU = Release|Any CPU
	EndGlobalSection
	GlobalSection(ProjectConfigurationPlatforms) = postSolution
		{746771F0-C46D-484C-A373-4C0A74254119}.Debug|Any CPU.ActiveCfg = Debug|Any CPU
		{746771F0-C46D-484C-A373-4C0A74254119}.Debug|Any CPU.Build.0 = Debug|Any CPU
		{746771F0-C46D-484C-A373-4C0A74254119}.Release|Any CPU.ActiveCfg = Release|Any CPU
		{746771F0-C46D-484C-A373-4C0A74254119}.Release|Any CPU.Build.0 = Release|Any CPU
		{07CAFA7A-CE54-4E4E-80E0-BFB323D3CE0B}.Debug|Any CPU.ActiveCfg = Debug|Any CPU
		{07CAFA7A-CE54-4E4E-80E0-BFB323D3CE0B}.Debug|Any CPU.Build.0 = Debug|Any CPU
		{07CAFA7A-CE54-4E4E-80E0-BFB323D3CE0B}.Release|Any CPU.ActiveCfg = Release|Any CPU
		{07CAFA7A-CE54-4E4E-80E0-BFB323D3CE0B}.Release|Any CPU.Build.0 = Release|Any CPU
	EndGlobalSection
	GlobalSection(SolutionProperties) = preSolution
		HideSolutionNode = FALSE
	EndGlobalSection
	GlobalSection(ExtensibilityGlobals) = postSolution
		SolutionGuid = {A8B3D5F3-A42A-42AF-B765-DA2573104238}
	EndGlobalSection
EndGlobal
